// !$*UTF8*$!
{
	archiveVersion = 1;
	classes = {
	};
	objectVersion = 46;
	objects = {

/* Begin PBXBuildFile section */
		180160691CB837B2001B1055 /* ImageDownload.swift in Sources */ = {isa = PBXBuildFile; fileRef = 180160681CB837B2001B1055 /* ImageDownload.swift */; };
		184D8AE41CB83DEB00CFBCA8 /* UIKit.framework in Frameworks */ = {isa = PBXBuildFile; fileRef = 184D8AE31CB83DEB00CFBCA8 /* UIKit.framework */; };
		1852181F1CC8187000728841 /* UIDevice.swift in Sources */ = {isa = PBXBuildFile; fileRef = 1852181E1CC8187000728841 /* UIDevice.swift */; };
		1859467B1CB6DCE300BBAD0F /* UIView.swift in Sources */ = {isa = PBXBuildFile; fileRef = 1859467A1CB6DCE300BBAD0F /* UIView.swift */; };
		185AABDE1CB2D1AB006BE577 /* RMExtensionKit.h in Headers */ = {isa = PBXBuildFile; fileRef = 185AABDD1CB2D1AB006BE577 /* RMExtensionKit.h */; settings = {ATTRIBUTES = (Public, ); }; };
		185AABEF1CB2D409006BE577 /* NSDate.swift in Sources */ = {isa = PBXBuildFile; fileRef = 185AABEB1CB2D409006BE577 /* NSDate.swift */; };
		185AABF01CB2D409006BE577 /* NSURLConnection.swift in Sources */ = {isa = PBXBuildFile; fileRef = 185AABEC1CB2D409006BE577 /* NSURLConnection.swift */; };
		185AABF11CB2D409006BE577 /* String.swift in Sources */ = {isa = PBXBuildFile; fileRef = 185AABED1CB2D409006BE577 /* String.swift */; };
		185AABF21CB2D409006BE577 /* UIImage.swift in Sources */ = {isa = PBXBuildFile; fileRef = 185AABEE1CB2D409006BE577 /* UIImage.swift */; };
		185AABF41CB2D42C006BE577 /* UIColor.swift in Sources */ = {isa = PBXBuildFile; fileRef = 185AABF31CB2D42C006BE577 /* UIColor.swift */; };
		185AABF91CB2D775006BE577 /* SystemConfiguration.framework in Frameworks */ = {isa = PBXBuildFile; fileRef = 185AABF81CB2D775006BE577 /* SystemConfiguration.framework */; };
		18832FF21CB86A4400616215 /* UIImageView.swift in Sources */ = {isa = PBXBuildFile; fileRef = 18832FF11CB86A4400616215 /* UIImageView.swift */; };
		18A012C81CC8018B00C94436 /* UIButton.swift in Sources */ = {isa = PBXBuildFile; fileRef = 18A012C71CC8018B00C94436 /* UIButton.swift */; };
/* End PBXBuildFile section */

/* Begin PBXFileReference section */
		180160681CB837B2001B1055 /* ImageDownload.swift */ = {isa = PBXFileReference; fileEncoding = 4; lastKnownFileType = sourcecode.swift; path = ImageDownload.swift; sourceTree = "<group>"; };
		184D8AE31CB83DEB00CFBCA8 /* UIKit.framework */ = {isa = PBXFileReference; lastKnownFileType = wrapper.framework; name = UIKit.framework; path = System/Library/Frameworks/UIKit.framework; sourceTree = SDKROOT; };
		1852181E1CC8187000728841 /* UIDevice.swift */ = {isa = PBXFileReference; fileEncoding = 4; lastKnownFileType = sourcecode.swift; path = UIDevice.swift; sourceTree = "<group>"; };
		1859467A1CB6DCE300BBAD0F /* UIView.swift */ = {isa = PBXFileReference; fileEncoding = 4; lastKnownFileType = sourcecode.swift; path = UIView.swift; sourceTree = "<group>"; };
		185AABDA1CB2D1AB006BE577 /* RMExtensionKit.framework */ = {isa = PBXFileReference; explicitFileType = wrapper.framework; includeInIndex = 0; path = RMExtensionKit.framework; sourceTree = BUILT_PRODUCTS_DIR; };
		185AABDD1CB2D1AB006BE577 /* RMExtensionKit.h */ = {isa = PBXFileReference; lastKnownFileType = sourcecode.c.h; path = RMExtensionKit.h; sourceTree = "<group>"; };
		185AABDF1CB2D1AB006BE577 /* Info.plist */ = {isa = PBXFileReference; lastKnownFileType = text.plist.xml; path = Info.plist; sourceTree = "<group>"; };
		185AABEB1CB2D409006BE577 /* NSDate.swift */ = {isa = PBXFileReference; fileEncoding = 4; lastKnownFileType = sourcecode.swift; path = NSDate.swift; sourceTree = "<group>"; };
		185AABEC1CB2D409006BE577 /* NSURLConnection.swift */ = {isa = PBXFileReference; fileEncoding = 4; lastKnownFileType = sourcecode.swift; path = NSURLConnection.swift; sourceTree = "<group>"; };
		185AABED1CB2D409006BE577 /* String.swift */ = {isa = PBXFileReference; fileEncoding = 4; lastKnownFileType = sourcecode.swift; path = String.swift; sourceTree = "<group>"; };
		185AABEE1CB2D409006BE577 /* UIImage.swift */ = {isa = PBXFileReference; fileEncoding = 4; lastKnownFileType = sourcecode.swift; path = UIImage.swift; sourceTree = "<group>"; };
		185AABF31CB2D42C006BE577 /* UIColor.swift */ = {isa = PBXFileReference; fileEncoding = 4; lastKnownFileType = sourcecode.swift; path = UIColor.swift; sourceTree = "<group>"; };
		185AABF81CB2D775006BE577 /* SystemConfiguration.framework */ = {isa = PBXFileReference; lastKnownFileType = wrapper.framework; name = SystemConfiguration.framework; path = System/Library/Frameworks/SystemConfiguration.framework; sourceTree = SDKROOT; };
		18832FF11CB86A4400616215 /* UIImageView.swift */ = {isa = PBXFileReference; fileEncoding = 4; lastKnownFileType = sourcecode.swift; path = UIImageView.swift; sourceTree = "<group>"; };
		18A012C71CC8018B00C94436 /* UIButton.swift */ = {isa = PBXFileReference; fileEncoding = 4; lastKnownFileType = sourcecode.swift; path = UIButton.swift; sourceTree = "<group>"; };
/* End PBXFileReference section */

/* Begin PBXFrameworksBuildPhase section */
		185AABD61CB2D1AB006BE577 /* Frameworks */ = {
			isa = PBXFrameworksBuildPhase;
			buildActionMask = 2147483647;
			files = (
				184D8AE41CB83DEB00CFBCA8 /* UIKit.framework in Frameworks */,
				185AABF91CB2D775006BE577 /* SystemConfiguration.framework in Frameworks */,
			);
			runOnlyForDeploymentPostprocessing = 0;
		};
/* End PBXFrameworksBuildPhase section */

/* Begin PBXGroup section */
		185AABD01CB2D1AB006BE577 = {
			isa = PBXGroup;
			children = (
				185AABDC1CB2D1AB006BE577 /* RMExtensionKit */,
				185AABDB1CB2D1AB006BE577 /* Products */,
			);
			sourceTree = "<group>";
		};
		185AABDB1CB2D1AB006BE577 /* Products */ = {
			isa = PBXGroup;
			children = (
				185AABDA1CB2D1AB006BE577 /* RMExtensionKit.framework */,
			);
			name = Products;
			sourceTree = "<group>";
		};
		185AABDC1CB2D1AB006BE577 /* RMExtensionKit */ = {
			isa = PBXGroup;
			children = (
				185AABDD1CB2D1AB006BE577 /* RMExtensionKit.h */,
				185AABF31CB2D42C006BE577 /* UIColor.swift */,
				185AABEB1CB2D409006BE577 /* NSDate.swift */,
				185AABEC1CB2D409006BE577 /* NSURLConnection.swift */,
				185AABED1CB2D409006BE577 /* String.swift */,
				185AABEE1CB2D409006BE577 /* UIImage.swift */,
				1859467A1CB6DCE300BBAD0F /* UIView.swift */,
				180160681CB837B2001B1055 /* ImageDownload.swift */,
				18832FF11CB86A4400616215 /* UIImageView.swift */,
				18A012C71CC8018B00C94436 /* UIButton.swift */,
				1852181E1CC8187000728841 /* UIDevice.swift */,
				185AABDF1CB2D1AB006BE577 /* Info.plist */,
				185AABF71CB2D74F006BE577 /* Frameworks */,
			);
			path = RMExtensionKit;
			sourceTree = "<group>";
		};
		185AABF71CB2D74F006BE577 /* Frameworks */ = {
			isa = PBXGroup;
			children = (
				184D8AE31CB83DEB00CFBCA8 /* UIKit.framework */,
				185AABF81CB2D775006BE577 /* SystemConfiguration.framework */,
			);
			path = Frameworks;
			sourceTree = "<group>";
		};
/* End PBXGroup section */

/* Begin PBXHeadersBuildPhase section */
		185AABD71CB2D1AB006BE577 /* Headers */ = {
			isa = PBXHeadersBuildPhase;
			buildActionMask = 2147483647;
			files = (
				185AABDE1CB2D1AB006BE577 /* RMExtensionKit.h in Headers */,
			);
			runOnlyForDeploymentPostprocessing = 0;
		};
/* End PBXHeadersBuildPhase section */

/* Begin PBXNativeTarget section */
		185AABD91CB2D1AB006BE577 /* RMExtensionKit */ = {
			isa = PBXNativeTarget;
			buildConfigurationList = 185AABE21CB2D1AB006BE577 /* Build configuration list for PBXNativeTarget "RMExtensionKit" */;
			buildPhases = (
				185AABD51CB2D1AB006BE577 /* Sources */,
				185AABD61CB2D1AB006BE577 /* Frameworks */,
				185AABD71CB2D1AB006BE577 /* Headers */,
				185AABD81CB2D1AB006BE577 /* Resources */,
			);
			buildRules = (
			);
			dependencies = (
			);
			name = RMExtensionKit;
			productName = RMExtensionKit;
			productReference = 185AABDA1CB2D1AB006BE577 /* RMExtensionKit.framework */;
			productType = "com.apple.product-type.framework";
		};
/* End PBXNativeTarget section */

/* Begin PBXProject section */
		185AABD11CB2D1AB006BE577 /* Project object */ = {
			isa = PBXProject;
			attributes = {
				LastUpgradeCheck = 0720;
				ORGANIZATIONNAME = "Rondinelli Morais";
				TargetAttributes = {
					185AABD91CB2D1AB006BE577 = {
						CreatedOnToolsVersion = 7.2.1;
					};
				};
			};
			buildConfigurationList = 185AABD41CB2D1AB006BE577 /* Build configuration list for PBXProject "RMExtensionKit" */;
			compatibilityVersion = "Xcode 3.2";
			developmentRegion = English;
			hasScannedForEncodings = 0;
			knownRegions = (
				en,
			);
			mainGroup = 185AABD01CB2D1AB006BE577;
			productRefGroup = 185AABDB1CB2D1AB006BE577 /* Products */;
			projectDirPath = "";
			projectRoot = "";
			targets = (
				185AABD91CB2D1AB006BE577 /* RMExtensionKit */,
			);
		};
/* End PBXProject section */

/* Begin PBXResourcesBuildPhase section */
		185AABD81CB2D1AB006BE577 /* Resources */ = {
			isa = PBXResourcesBuildPhase;
			buildActionMask = 2147483647;
			files = (
			);
			runOnlyForDeploymentPostprocessing = 0;
		};
/* End PBXResourcesBuildPhase section */

/* Begin PBXSourcesBuildPhase section */
		185AABD51CB2D1AB006BE577 /* Sources */ = {
			isa = PBXSourcesBuildPhase;
			buildActionMask = 2147483647;
			files = (
				18832FF21CB86A4400616215 /* UIImageView.swift in Sources */,
				185AABF11CB2D409006BE577 /* String.swift in Sources */,
				185AABF21CB2D409006BE577 /* UIImage.swift in Sources */,
				185AABF01CB2D409006BE577 /* NSURLConnection.swift in Sources */,
				180160691CB837B2001B1055 /* ImageDownload.swift in Sources */,
				1852181F1CC8187000728841 /* UIDevice.swift in Sources */,
				185AABEF1CB2D409006BE577 /* NSDate.swift in Sources */,
				1859467B1CB6DCE300BBAD0F /* UIView.swift in Sources */,
				185AABF41CB2D42C006BE577 /* UIColor.swift in Sources */,
				18A012C81CC8018B00C94436 /* UIButton.swift in Sources */,
			);
			runOnlyForDeploymentPostprocessing = 0;
		};
/* End PBXSourcesBuildPhase section */

/* Begin XCBuildConfiguration section */
		185AABE01CB2D1AB006BE577 /* Debug */ = {
			isa = XCBuildConfiguration;
			buildSettings = {
				ALWAYS_SEARCH_USER_PATHS = NO;
				CLANG_CXX_LANGUAGE_STANDARD = "gnu++0x";
				CLANG_CXX_LIBRARY = "libc++";
				CLANG_ENABLE_MODULES = YES;
				CLANG_ENABLE_OBJC_ARC = YES;
				CLANG_WARN_BOOL_CONVERSION = YES;
				CLANG_WARN_CONSTANT_CONVERSION = YES;
				CLANG_WARN_DIRECT_OBJC_ISA_USAGE = YES_ERROR;
				CLANG_WARN_EMPTY_BODY = YES;
				CLANG_WARN_ENUM_CONVERSION = YES;
				CLANG_WARN_INT_CONVERSION = YES;
				CLANG_WARN_OBJC_ROOT_CLASS = YES_ERROR;
				CLANG_WARN_UNREACHABLE_CODE = YES;
				CLANG_WARN__DUPLICATE_METHOD_MATCH = YES;
				"CODE_SIGN_IDENTITY[sdk=iphoneos*]" = "iPhone Developer";
				COPY_PHASE_STRIP = NO;
				CURRENT_PROJECT_VERSION = 1;
				DEBUG_INFORMATION_FORMAT = dwarf;
				ENABLE_STRICT_OBJC_MSGSEND = YES;
				ENABLE_TESTABILITY = YES;
				GCC_C_LANGUAGE_STANDARD = gnu99;
				GCC_DYNAMIC_NO_PIC = NO;
				GCC_NO_COMMON_BLOCKS = YES;
				GCC_OPTIMIZATION_LEVEL = 0;
				GCC_PREPROCESSOR_DEFINITIONS = (
					"DEBUG=1",
					"$(inherited)",
				);
				GCC_WARN_64_TO_32_BIT_CONVERSION = YES;
				GCC_WARN_ABOUT_RETURN_TYPE = YES_ERROR;
				GCC_WARN_UNDECLARED_SELECTOR = YES;
				GCC_WARN_UNINITIALIZED_AUTOS = YES_AGGRESSIVE;
				GCC_WARN_UNUSED_FUNCTION = YES;
				GCC_WARN_UNUSED_VARIABLE = YES;
				IPHONEOS_DEPLOYMENT_TARGET = 9.2;
				MTL_ENABLE_DEBUG_INFO = YES;
				ONLY_ACTIVE_ARCH = YES;
				SDKROOT = iphoneos;
				SWIFT_OPTIMIZATION_LEVEL = "-Onone";
				TARGETED_DEVICE_FAMILY = "1,2";
				VERSIONING_SYSTEM = "apple-generic";
				VERSION_INFO_PREFIX = "";
			};
			name = Debug;
		};
		185AABE11CB2D1AB006BE577 /* Release */ = {
			isa = XCBuildConfiguration;
			buildSettings = {
				ALWAYS_SEARCH_USER_PATHS = NO;
				CLANG_CXX_LANGUAGE_STANDARD = "gnu++0x";
				CLANG_CXX_LIBRARY = "libc++";
				CLANG_ENABLE_MODULES = YES;
				CLANG_ENABLE_OBJC_ARC = YES;
				CLANG_WARN_BOOL_CONVERSION = YES;
				CLANG_WARN_CONSTANT_CONVERSION = YES;
				CLANG_WARN_DIRECT_OBJC_ISA_USAGE = YES_ERROR;
				CLANG_WARN_EMPTY_BODY = YES;
				CLANG_WARN_ENUM_CONVERSION = YES;
				CLANG_WARN_INT_CONVERSION = YES;
				CLANG_WARN_OBJC_ROOT_CLASS = YES_ERROR;
				CLANG_WARN_UNREACHABLE_CODE = YES;
				CLANG_WARN__DUPLICATE_METHOD_MATCH = YES;
				"CODE_SIGN_IDENTITY[sdk=iphoneos*]" = "iPhone Developer";
				COPY_PHASE_STRIP = NO;
				CURRENT_PROJECT_VERSION = 1;
				DEBUG_INFORMATION_FORMAT = "dwarf-with-dsym";
				ENABLE_NS_ASSERTIONS = NO;
				ENABLE_STRICT_OBJC_MSGSEND = YES;
				GCC_C_LANGUAGE_STANDARD = gnu99;
				GCC_NO_COMMON_BLOCKS = YES;
				GCC_WARN_64_TO_32_BIT_CONVERSION = YES;
				GCC_WARN_ABOUT_RETURN_TYPE = YES_ERROR;
				GCC_WARN_UNDECLARED_SELECTOR = YES;
				GCC_WARN_UNINITIALIZED_AUTOS = YES_AGGRESSIVE;
				GCC_WARN_UNUSED_FUNCTION = YES;
				GCC_WARN_UNUSED_VARIABLE = YES;
				IPHONEOS_DEPLOYMENT_TARGET = 9.2;
				MTL_ENABLE_DEBUG_INFO = NO;
				SDKROOT = iphoneos;
				TARGETED_DEVICE_FAMILY = "1,2";
				VALIDATE_PRODUCT = YES;
				VERSIONING_SYSTEM = "apple-generic";
				VERSION_INFO_PREFIX = "";
			};
			name = Release;
		};
		185AABE31CB2D1AB006BE577 /* Debug */ = {
			isa = XCBuildConfiguration;
			buildSettings = {
				CLANG_ENABLE_MODULES = YES;
				DEFINES_MODULE = YES;
				DYLIB_COMPATIBILITY_VERSION = 1;
				DYLIB_CURRENT_VERSION = 1;
				DYLIB_INSTALL_NAME_BASE = "@rpath";
				INFOPLIST_FILE = RMExtensionKit/Info.plist;
				INSTALL_PATH = "$(LOCAL_LIBRARY_DIR)/Frameworks";
				IPHONEOS_DEPLOYMENT_TARGET = 8.4;
				LD_RUNPATH_SEARCH_PATHS = "$(inherited) @executable_path/Frameworks @loader_path/Frameworks";
				PRODUCT_BUNDLE_IDENTIFIER = br.com.rondinellimorais.RMExtensionKit;
				PRODUCT_NAME = "$(TARGET_NAME)";
				SKIP_INSTALL = YES;
				SWIFT_OPTIMIZATION_LEVEL = "-Onone";
			};
			name = Debug;
		};
		185AABE41CB2D1AB006BE577 /* Release */ = {
			isa = XCBuildConfiguration;
			buildSettings = {
				CLANG_ENABLE_MODULES = YES;
				DEFINES_MODULE = YES;
				DYLIB_COMPATIBILITY_VERSION = 1;
				DYLIB_CURRENT_VERSION = 1;
				DYLIB_INSTALL_NAME_BASE = "@rpath";
				INFOPLIST_FILE = RMExtensionKit/Info.plist;
				INSTALL_PATH = "$(LOCAL_LIBRARY_DIR)/Frameworks";
				IPHONEOS_DEPLOYMENT_TARGET = 8.4;
				LD_RUNPATH_SEARCH_PATHS = "$(inherited) @executable_path/Frameworks @loader_path/Frameworks";
				PRODUCT_BUNDLE_IDENTIFIER = br.com.rondinellimorais.RMExtensionKit;
				PRODUCT_NAME = "$(TARGET_NAME)";
				SKIP_INSTALL = YES;
			};
			name = Release;
		};
/* End XCBuildConfiguration section */

/* Begin XCConfigurationList section */
		185AABD41CB2D1AB006BE577 /* Build configuration list for PBXProject "RMExtensionKit" */ = {
			isa = XCConfigurationList;
			buildConfigurations = (
				185AABE01CB2D1AB006BE577 /* Debug */,
				185AABE11CB2D1AB006BE577 /* Release */,
			);
			defaultConfigurationIsVisible = 0;
			defaultConfigurationName = Release;
		};
		185AABE21CB2D1AB006BE577 /* Build configuration list for PBXNativeTarget "RMExtensionKit" */ = {
			isa = XCConfigurationList;
			buildConfigurations = (
				185AABE31CB2D1AB006BE577 /* Debug */,
				185AABE41CB2D1AB006BE577 /* Release */,
			);
			defaultConfigurationIsVisible = 0;
			defaultConfigurationName = Release;
		};
/* End XCConfigurationList section */
	};
	rootObject = 185AABD11CB2D1AB006BE577 /* Project object */;
}
